// !$*UTF8*$!
{
	archiveVersion = 1;
	classes = {
	};
	objectVersion = 55;
	objects = {

/* Begin PBXBuildFile section */
		7585769D287EEAE00079A969 /* UITableViewCell.swift in Sources */ = {isa = PBXBuildFile; fileRef = 7585769C287EEAE00079A969 /* UITableViewCell.swift */; };
		75A7B13E287FCC05009FD8C2 /* MessageCell.swift in Sources */ = {isa = PBXBuildFile; fileRef = 75A7B13C287FCC05009FD8C2 /* MessageCell.swift */; };
		75A7B13F287FCC05009FD8C2 /* MessageCell.xib in Resources */ = {isa = PBXBuildFile; fileRef = 75A7B13D287FCC05009FD8C2 /* MessageCell.xib */; };
		75A7B142287FE4EA009FD8C2 /* ImgMessageCell.swift in Sources */ = {isa = PBXBuildFile; fileRef = 75A7B140287FE4EA009FD8C2 /* ImgMessageCell.swift */; };
		75A7B143287FE4EA009FD8C2 /* ImgMessageCell.xib in Resources */ = {isa = PBXBuildFile; fileRef = 75A7B141287FE4EA009FD8C2 /* ImgMessageCell.xib */; };
		75A7B14728804169009FD8C2 /* ImageViewerView.swift in Sources */ = {isa = PBXBuildFile; fileRef = 75A7B14528804169009FD8C2 /* ImageViewerView.swift */; };
		75A7B14828804169009FD8C2 /* ImageViewerView.xib in Resources */ = {isa = PBXBuildFile; fileRef = 75A7B14628804169009FD8C2 /* ImageViewerView.xib */; };
		75A7B14E28805495009FD8C2 /* UserCell.swift in Sources */ = {isa = PBXBuildFile; fileRef = 75A7B14C28805495009FD8C2 /* UserCell.swift */; };
		75A7B14F28805495009FD8C2 /* UserCell.xib in Resources */ = {isa = PBXBuildFile; fileRef = 75A7B14D28805495009FD8C2 /* UserCell.xib */; };
		75A7B15128806846009FD8C2 /* ProfileVM.swift in Sources */ = {isa = PBXBuildFile; fileRef = 75A7B15028806846009FD8C2 /* ProfileVM.swift */; };
		75A88CE4288188A7002F8D72 /* UIBarButtonItem.swift in Sources */ = {isa = PBXBuildFile; fileRef = 75A88CE3288188A7002F8D72 /* UIBarButtonItem.swift */; };
		75AC099D287D2E7E00662465 /* FireBaseStore.swift in Sources */ = {isa = PBXBuildFile; fileRef = 75AC099C287D2E7E00662465 /* FireBaseStore.swift */; };
		75AC099F287D2F9A00662465 /* Message.swift in Sources */ = {isa = PBXBuildFile; fileRef = 75AC099E287D2F9A00662465 /* Message.swift */; };
		75AC09A1287D378E00662465 /* UIViewController.swift in Sources */ = {isa = PBXBuildFile; fileRef = 75AC09A0287D378E00662465 /* UIViewController.swift */; };
		75AC09A3287D3A9F00662465 /* UIApplication.swift in Sources */ = {isa = PBXBuildFile; fileRef = 75AC09A2287D3A9F00662465 /* UIApplication.swift */; };
		75AC09A6287D4A5300662465 /* BaseTabBar.swift in Sources */ = {isa = PBXBuildFile; fileRef = 75AC09A5287D4A5300662465 /* BaseTabBar.swift */; };
		75AC09A8287D4A6500662465 /* BaseNavBar.swift in Sources */ = {isa = PBXBuildFile; fileRef = 75AC09A7287D4A6500662465 /* BaseNavBar.swift */; };
		75AC09AA287D575D00662465 /* GoogleService-Info.plist in Resources */ = {isa = PBXBuildFile; fileRef = 75AC09A9287D575C00662465 /* GoogleService-Info.plist */; };
		75AC09AE287D5ECD00662465 /* RecentViewCell.swift in Sources */ = {isa = PBXBuildFile; fileRef = 75AC09AC287D5ECD00662465 /* RecentViewCell.swift */; };
		75AC09AF287D5ECD00662465 /* RecentViewCell.xib in Resources */ = {isa = PBXBuildFile; fileRef = 75AC09AD287D5ECD00662465 /* RecentViewCell.xib */; };
		75E90D0E287BBEE9005A9150 /* AppDelegate.swift in Sources */ = {isa = PBXBuildFile; fileRef = 75E90D0D287BBEE9005A9150 /* AppDelegate.swift */; };
		75E90D10287BBEE9005A9150 /* SceneDelegate.swift in Sources */ = {isa = PBXBuildFile; fileRef = 75E90D0F287BBEE9005A9150 /* SceneDelegate.swift */; };
		75E90D1A287BBEEB005A9150 /* Assets.xcassets in Resources */ = {isa = PBXBuildFile; fileRef = 75E90D19287BBEEB005A9150 /* Assets.xcassets */; };
		75E90D1D287BBEEB005A9150 /* LaunchScreen.storyboard in Resources */ = {isa = PBXBuildFile; fileRef = 75E90D1B287BBEEB005A9150 /* LaunchScreen.storyboard */; };
		75E90D31287D0645005A9150 /* DataPersistantProtocol.swift in Sources */ = {isa = PBXBuildFile; fileRef = 75E90D2D287D0644005A9150 /* DataPersistantProtocol.swift */; };
		75E90D37287D0AB0005A9150 /* LoginRegisterVM.swift in Sources */ = {isa = PBXBuildFile; fileRef = 75E90D36287D0AB0005A9150 /* LoginRegisterVM.swift */; };
		75E90D39287D0AC0005A9150 /* RecentVM.swift in Sources */ = {isa = PBXBuildFile; fileRef = 75E90D38287D0AC0005A9150 /* RecentVM.swift */; };
		75E90D3B287D0AD0005A9150 /* UsersVM.swift in Sources */ = {isa = PBXBuildFile; fileRef = 75E90D3A287D0AD0005A9150 /* UsersVM.swift */; };
		75E90D3D287D0ADE005A9150 /* ChatVM.swift in Sources */ = {isa = PBXBuildFile; fileRef = 75E90D3C287D0ADE005A9150 /* ChatVM.swift */; };
		75E90D41287D0B13005A9150 /* LoginRegisterView.swift in Sources */ = {isa = PBXBuildFile; fileRef = 75E90D3F287D0B13005A9150 /* LoginRegisterView.swift */; };
		75E90D42287D0B13005A9150 /* LoginRegisterView.xib in Resources */ = {isa = PBXBuildFile; fileRef = 75E90D40287D0B13005A9150 /* LoginRegisterView.xib */; };
		75E90D46287D0B3D005A9150 /* RecentView.swift in Sources */ = {isa = PBXBuildFile; fileRef = 75E90D44287D0B3D005A9150 /* RecentView.swift */; };
		75E90D47287D0B3D005A9150 /* RecentView.xib in Resources */ = {isa = PBXBuildFile; fileRef = 75E90D45287D0B3D005A9150 /* RecentView.xib */; };
		75E90D4B287D0B63005A9150 /* UsersView.swift in Sources */ = {isa = PBXBuildFile; fileRef = 75E90D49287D0B63005A9150 /* UsersView.swift */; };
		75E90D4C287D0B63005A9150 /* UsersView.xib in Resources */ = {isa = PBXBuildFile; fileRef = 75E90D4A287D0B63005A9150 /* UsersView.xib */; };
		75E90D50287D0B87005A9150 /* ChatView.swift in Sources */ = {isa = PBXBuildFile; fileRef = 75E90D4E287D0B87005A9150 /* ChatView.swift */; };
		75E90D51287D0B87005A9150 /* ChatView.xib in Resources */ = {isa = PBXBuildFile; fileRef = 75E90D4F287D0B87005A9150 /* ChatView.xib */; };
		75E90D55287D0BB7005A9150 /* ProfileView.swift in Sources */ = {isa = PBXBuildFile; fileRef = 75E90D53287D0BB7005A9150 /* ProfileView.swift */; };
		75E90D56287D0BB7005A9150 /* ProfileView.xib in Resources */ = {isa = PBXBuildFile; fileRef = 75E90D54287D0BB7005A9150 /* ProfileView.xib */; };
		75E90D58287D0C1C005A9150 /* User.swift in Sources */ = {isa = PBXBuildFile; fileRef = 75E90D57287D0C1C005A9150 /* User.swift */; };
		75E90D5B287D0C65005A9150 /* Constants.swift in Sources */ = {isa = PBXBuildFile; fileRef = 75E90D5A287D0C65005A9150 /* Constants.swift */; };
		75E90D5D287D0CEF005A9150 /* Helper.swift in Sources */ = {isa = PBXBuildFile; fileRef = 75E90D5C287D0CEF005A9150 /* Helper.swift */; };
		75E90D60287D0D7B005A9150 /* Date.swift in Sources */ = {isa = PBXBuildFile; fileRef = 75E90D5F287D0D7B005A9150 /* Date.swift */; };
		75E90D62287D1221005A9150 /* UIImage.swift in Sources */ = {isa = PBXBuildFile; fileRef = 75E90D61287D1221005A9150 /* UIImage.swift */; };
		75E90D64287D13D9005A9150 /* FileManager.swift in Sources */ = {isa = PBXBuildFile; fileRef = 75E90D63287D13D9005A9150 /* FileManager.swift */; };
		75E90D66287D15E5005A9150 /* URL.swift in Sources */ = {isa = PBXBuildFile; fileRef = 75E90D65287D15E5005A9150 /* URL.swift */; };
		75E90D68287D166F005A9150 /* DateFormatter.swift in Sources */ = {isa = PBXBuildFile; fileRef = 75E90D67287D166F005A9150 /* DateFormatter.swift */; };
		75E90D6C287D1CDA005A9150 /* FireBaseDB.swift in Sources */ = {isa = PBXBuildFile; fileRef = 75E90D6B287D1CDA005A9150 /* FireBaseDB.swift */; };
		CB2DB5EFBB40892970BB934D /* Pods_Chatter.framework in Frameworks */ = {isa = PBXBuildFile; fileRef = DF9FAC2BB27CD0E6E41AA5E5 /* Pods_Chatter.framework */; };
/* End PBXBuildFile section */

/* Begin PBXFileReference section */
		3A531A5C9FA5EF6DBFEB87A7 /* Pods-Chatter.release.xcconfig */ = {isa = PBXFileReference; includeInIndex = 1; lastKnownFileType = text.xcconfig; name = "Pods-Chatter.release.xcconfig"; path = "Target Support Files/Pods-Chatter/Pods-Chatter.release.xcconfig"; sourceTree = "<group>"; };
		7585769C287EEAE00079A969 /* UITableViewCell.swift */ = {isa = PBXFileReference; lastKnownFileType = sourcecode.swift; path = UITableViewCell.swift; sourceTree = "<group>"; };
		75A7B13C287FCC05009FD8C2 /* MessageCell.swift */ = {isa = PBXFileReference; lastKnownFileType = sourcecode.swift; path = MessageCell.swift; sourceTree = "<group>"; };
		75A7B13D287FCC05009FD8C2 /* MessageCell.xib */ = {isa = PBXFileReference; lastKnownFileType = file.xib; path = MessageCell.xib; sourceTree = "<group>"; };
		75A7B140287FE4EA009FD8C2 /* ImgMessageCell.swift */ = {isa = PBXFileReference; lastKnownFileType = sourcecode.swift; path = ImgMessageCell.swift; sourceTree = "<group>"; };
		75A7B141287FE4EA009FD8C2 /* ImgMessageCell.xib */ = {isa = PBXFileReference; lastKnownFileType = file.xib; path = ImgMessageCell.xib; sourceTree = "<group>"; };
		75A7B14528804169009FD8C2 /* ImageViewerView.swift */ = {isa = PBXFileReference; lastKnownFileType = sourcecode.swift; path = ImageViewerView.swift; sourceTree = "<group>"; };
		75A7B14628804169009FD8C2 /* ImageViewerView.xib */ = {isa = PBXFileReference; lastKnownFileType = file.xib; path = ImageViewerView.xib; sourceTree = "<group>"; };
		75A7B14C28805495009FD8C2 /* UserCell.swift */ = {isa = PBXFileReference; lastKnownFileType = sourcecode.swift; path = UserCell.swift; sourceTree = "<group>"; };
		75A7B14D28805495009FD8C2 /* UserCell.xib */ = {isa = PBXFileReference; lastKnownFileType = file.xib; path = UserCell.xib; sourceTree = "<group>"; };
		75A7B15028806846009FD8C2 /* ProfileVM.swift */ = {isa = PBXFileReference; lastKnownFileType = sourcecode.swift; path = ProfileVM.swift; sourceTree = "<group>"; };
		75A88CE3288188A7002F8D72 /* UIBarButtonItem.swift */ = {isa = PBXFileReference; lastKnownFileType = sourcecode.swift; path = UIBarButtonItem.swift; sourceTree = "<group>"; };
		75AC099C287D2E7E00662465 /* FireBaseStore.swift */ = {isa = PBXFileReference; lastKnownFileType = sourcecode.swift; path = FireBaseStore.swift; sourceTree = "<group>"; };
		75AC099E287D2F9A00662465 /* Message.swift */ = {isa = PBXFileReference; lastKnownFileType = sourcecode.swift; path = Message.swift; sourceTree = "<group>"; };
		75AC09A0287D378E00662465 /* UIViewController.swift */ = {isa = PBXFileReference; lastKnownFileType = sourcecode.swift; path = UIViewController.swift; sourceTree = "<group>"; };
		75AC09A2287D3A9F00662465 /* UIApplication.swift */ = {isa = PBXFileReference; lastKnownFileType = sourcecode.swift; path = UIApplication.swift; sourceTree = "<group>"; };
		75AC09A5287D4A5300662465 /* BaseTabBar.swift */ = {isa = PBXFileReference; lastKnownFileType = sourcecode.swift; path = BaseTabBar.swift; sourceTree = "<group>"; };
		75AC09A7287D4A6500662465 /* BaseNavBar.swift */ = {isa = PBXFileReference; lastKnownFileType = sourcecode.swift; path = BaseNavBar.swift; sourceTree = "<group>"; };
		75AC09A9287D575C00662465 /* GoogleService-Info.plist */ = {isa = PBXFileReference; fileEncoding = 4; lastKnownFileType = text.plist.xml; path = "GoogleService-Info.plist"; sourceTree = "<group>"; };
		75AC09AC287D5ECD00662465 /* RecentViewCell.swift */ = {isa = PBXFileReference; lastKnownFileType = sourcecode.swift; path = RecentViewCell.swift; sourceTree = "<group>"; };
		75AC09AD287D5ECD00662465 /* RecentViewCell.xib */ = {isa = PBXFileReference; lastKnownFileType = file.xib; path = RecentViewCell.xib; sourceTree = "<group>"; };
		75E90D0A287BBEE9005A9150 /* Chatter.app */ = {isa = PBXFileReference; explicitFileType = wrapper.application; includeInIndex = 0; path = Chatter.app; sourceTree = BUILT_PRODUCTS_DIR; };
		75E90D0D287BBEE9005A9150 /* AppDelegate.swift */ = {isa = PBXFileReference; lastKnownFileType = sourcecode.swift; path = AppDelegate.swift; sourceTree = "<group>"; };
		75E90D0F287BBEE9005A9150 /* SceneDelegate.swift */ = {isa = PBXFileReference; lastKnownFileType = sourcecode.swift; path = SceneDelegate.swift; sourceTree = "<group>"; };
		75E90D19287BBEEB005A9150 /* Assets.xcassets */ = {isa = PBXFileReference; lastKnownFileType = folder.assetcatalog; path = Assets.xcassets; sourceTree = "<group>"; };
		75E90D1C287BBEEB005A9150 /* Base */ = {isa = PBXFileReference; lastKnownFileType = file.storyboard; name = Base; path = Base.lproj/LaunchScreen.storyboard; sourceTree = "<group>"; };
		75E90D1E287BBEEB005A9150 /* Info.plist */ = {isa = PBXFileReference; lastKnownFileType = text.plist.xml; path = Info.plist; sourceTree = "<group>"; };
		75E90D2D287D0644005A9150 /* DataPersistantProtocol.swift */ = {isa = PBXFileReference; fileEncoding = 4; lastKnownFileType = sourcecode.swift; path = DataPersistantProtocol.swift; sourceTree = "<group>"; };
		75E90D36287D0AB0005A9150 /* LoginRegisterVM.swift */ = {isa = PBXFileReference; lastKnownFileType = sourcecode.swift; path = LoginRegisterVM.swift; sourceTree = "<group>"; };
		75E90D38287D0AC0005A9150 /* RecentVM.swift */ = {isa = PBXFileReference; lastKnownFileType = sourcecode.swift; path = RecentVM.swift; sourceTree = "<group>"; };
		75E90D3A287D0AD0005A9150 /* UsersVM.swift */ = {isa = PBXFileReference; lastKnownFileType = sourcecode.swift; path = UsersVM.swift; sourceTree = "<group>"; };
		75E90D3C287D0ADE005A9150 /* ChatVM.swift */ = {isa = PBXFileReference; lastKnownFileType = sourcecode.swift; path = ChatVM.swift; sourceTree = "<group>"; };
		75E90D3F287D0B13005A9150 /* LoginRegisterView.swift */ = {isa = PBXFileReference; lastKnownFileType = sourcecode.swift; path = LoginRegisterView.swift; sourceTree = "<group>"; };
		75E90D40287D0B13005A9150 /* LoginRegisterView.xib */ = {isa = PBXFileReference; lastKnownFileType = file.xib; path = LoginRegisterView.xib; sourceTree = "<group>"; };
		75E90D44287D0B3D005A9150 /* RecentView.swift */ = {isa = PBXFileReference; lastKnownFileType = sourcecode.swift; path = RecentView.swift; sourceTree = "<group>"; };
		75E90D45287D0B3D005A9150 /* RecentView.xib */ = {isa = PBXFileReference; lastKnownFileType = file.xib; path = RecentView.xib; sourceTree = "<group>"; };
		75E90D49287D0B63005A9150 /* UsersView.swift */ = {isa = PBXFileReference; lastKnownFileType = sourcecode.swift; path = UsersView.swift; sourceTree = "<group>"; };
		75E90D4A287D0B63005A9150 /* UsersView.xib */ = {isa = PBXFileReference; lastKnownFileType = file.xib; path = UsersView.xib; sourceTree = "<group>"; };
		75E90D4E287D0B87005A9150 /* ChatView.swift */ = {isa = PBXFileReference; lastKnownFileType = sourcecode.swift; path = ChatView.swift; sourceTree = "<group>"; };
		75E90D4F287D0B87005A9150 /* ChatView.xib */ = {isa = PBXFileReference; lastKnownFileType = file.xib; path = ChatView.xib; sourceTree = "<group>"; };
		75E90D53287D0BB7005A9150 /* ProfileView.swift */ = {isa = PBXFileReference; lastKnownFileType = sourcecode.swift; path = ProfileView.swift; sourceTree = "<group>"; };
		75E90D54287D0BB7005A9150 /* ProfileView.xib */ = {isa = PBXFileReference; lastKnownFileType = file.xib; path = ProfileView.xib; sourceTree = "<group>"; };
		75E90D57287D0C1C005A9150 /* User.swift */ = {isa = PBXFileReference; lastKnownFileType = sourcecode.swift; path = User.swift; sourceTree = "<group>"; };
		75E90D5A287D0C65005A9150 /* Constants.swift */ = {isa = PBXFileReference; lastKnownFileType = sourcecode.swift; path = Constants.swift; sourceTree = "<group>"; };
		75E90D5C287D0CEF005A9150 /* Helper.swift */ = {isa = PBXFileReference; lastKnownFileType = sourcecode.swift; path = Helper.swift; sourceTree = "<group>"; };
		75E90D5F287D0D7B005A9150 /* Date.swift */ = {isa = PBXFileReference; lastKnownFileType = sourcecode.swift; path = Date.swift; sourceTree = "<group>"; };
		75E90D61287D1221005A9150 /* UIImage.swift */ = {isa = PBXFileReference; lastKnownFileType = sourcecode.swift; path = UIImage.swift; sourceTree = "<group>"; };
		75E90D63287D13D9005A9150 /* FileManager.swift */ = {isa = PBXFileReference; lastKnownFileType = sourcecode.swift; path = FileManager.swift; sourceTree = "<group>"; };
		75E90D65287D15E5005A9150 /* URL.swift */ = {isa = PBXFileReference; lastKnownFileType = sourcecode.swift; path = URL.swift; sourceTree = "<group>"; };
		75E90D67287D166F005A9150 /* DateFormatter.swift */ = {isa = PBXFileReference; lastKnownFileType = sourcecode.swift; path = DateFormatter.swift; sourceTree = "<group>"; };
		75E90D6B287D1CDA005A9150 /* FireBaseDB.swift */ = {isa = PBXFileReference; lastKnownFileType = sourcecode.swift; path = FireBaseDB.swift; sourceTree = "<group>"; };
		9796E21F61757B5960E1EC62 /* Pods-Chatter.debug.xcconfig */ = {isa = PBXFileReference; includeInIndex = 1; lastKnownFileType = text.xcconfig; name = "Pods-Chatter.debug.xcconfig"; path = "Target Support Files/Pods-Chatter/Pods-Chatter.debug.xcconfig"; sourceTree = "<group>"; };
		DF9FAC2BB27CD0E6E41AA5E5 /* Pods_Chatter.framework */ = {isa = PBXFileReference; explicitFileType = wrapper.framework; includeInIndex = 0; path = Pods_Chatter.framework; sourceTree = BUILT_PRODUCTS_DIR; };
/* End PBXFileReference section */

/* Begin PBXFrameworksBuildPhase section */
		75E90D07287BBEE9005A9150 /* Frameworks */ = {
			isa = PBXFrameworksBuildPhase;
			buildActionMask = 2147483647;
			files = (
				CB2DB5EFBB40892970BB934D /* Pods_Chatter.framework in Frameworks */,
			);
			runOnlyForDeploymentPostprocessing = 0;
		};
/* End PBXFrameworksBuildPhase section */

/* Begin PBXGroup section */
		7448CB03367E3516267863E2 /* Frameworks */ = {
			isa = PBXGroup;
			children = (
				DF9FAC2BB27CD0E6E41AA5E5 /* Pods_Chatter.framework */,
			);
			name = Frameworks;
			sourceTree = "<group>";
		};
		75A7B13B287FCB2E009FD8C2 /* ChatViewCells */ = {
			isa = PBXGroup;
			children = (
				75A7B13C287FCC05009FD8C2 /* MessageCell.swift */,
				75A7B13D287FCC05009FD8C2 /* MessageCell.xib */,
				75A7B140287FE4EA009FD8C2 /* ImgMessageCell.swift */,
				75A7B141287FE4EA009FD8C2 /* ImgMessageCell.xib */,
			);
			path = ChatViewCells;
			sourceTree = "<group>";
		};
		75A7B14428804133009FD8C2 /* ImageViewer */ = {
			isa = PBXGroup;
			children = (
				75A7B14528804169009FD8C2 /* ImageViewerView.swift */,
				75A7B14628804169009FD8C2 /* ImageViewerView.xib */,
			);
			path = ImageViewer;
			sourceTree = "<group>";
		};
		75A7B14B28805466009FD8C2 /* UsersViewCells */ = {
			isa = PBXGroup;
			children = (
				75A7B14C28805495009FD8C2 /* UserCell.swift */,
				75A7B14D28805495009FD8C2 /* UserCell.xib */,
			);
			path = UsersViewCells;
			sourceTree = "<group>";
		};
		75AC099B287D2E6000662465 /* FireBaseStore */ = {
			isa = PBXGroup;
			children = (
				75AC099C287D2E7E00662465 /* FireBaseStore.swift */,
			);
			path = FireBaseStore;
			sourceTree = "<group>";
		};
		75AC09A4287D4A3E00662465 /* Base */ = {
			isa = PBXGroup;
			children = (
				75AC09A5287D4A5300662465 /* BaseTabBar.swift */,
				75AC09A7287D4A6500662465 /* BaseNavBar.swift */,
			);
			path = Base;
			sourceTree = "<group>";
		};
		75AC09AB287D5EA100662465 /* RecentViewCell */ = {
			isa = PBXGroup;
			children = (
				75AC09AC287D5ECD00662465 /* RecentViewCell.swift */,
				75AC09AD287D5ECD00662465 /* RecentViewCell.xib */,
			);
			path = RecentViewCell;
			sourceTree = "<group>";
		};
		75E90D01287BBEE9005A9150 = {
			isa = PBXGroup;
			children = (
				75E90D0C287BBEE9005A9150 /* Chatter */,
				75E90D0B287BBEE9005A9150 /* Products */,
				7B5830EA6EA6F7390190E61B /* Pods */,
				7448CB03367E3516267863E2 /* Frameworks */,
			);
			sourceTree = "<group>";
		};
		75E90D0B287BBEE9005A9150 /* Products */ = {
			isa = PBXGroup;
			children = (
				75E90D0A287BBEE9005A9150 /* Chatter.app */,
			);
			name = Products;
			sourceTree = "<group>";
		};
		75E90D0C287BBEE9005A9150 /* Chatter */ = {
			isa = PBXGroup;
			children = (
				75E90D32287D0726005A9150 /* AppDelegates */,
				75E90D29287D0644005A9150 /* Services */,
				75E90D5E287D0D68005A9150 /* Extensions */,
				75E90D59287D0C4E005A9150 /* Helper */,
				75E90D35287D07B9005A9150 /* Model */,
				75E90D34287D07B1005A9150 /* ViewModel */,
				75E90D33287D07AB005A9150 /* View */,
				75E90D19287BBEEB005A9150 /* Assets.xcassets */,
				75E90D1E287BBEEB005A9150 /* Info.plist */,
				75AC09A9287D575C00662465 /* GoogleService-Info.plist */,
			);
			path = Chatter;
			sourceTree = "<group>";
		};
		75E90D29287D0644005A9150 /* Services */ = {
			isa = PBXGroup;
			children = (
				75AC099B287D2E6000662465 /* FireBaseStore */,
				75E90D6A287D1CC1005A9150 /* FireBaseDB */,
				75E90D2D287D0644005A9150 /* DataPersistantProtocol.swift */,
			);
			path = Services;
			sourceTree = "<group>";
		};
		75E90D32287D0726005A9150 /* AppDelegates */ = {
			isa = PBXGroup;
			children = (
				75E90D0D287BBEE9005A9150 /* AppDelegate.swift */,
				75E90D0F287BBEE9005A9150 /* SceneDelegate.swift */,
			);
			path = AppDelegates;
			sourceTree = "<group>";
		};
		75E90D33287D07AB005A9150 /* View */ = {
			isa = PBXGroup;
			children = (
				75E90D1B287BBEEB005A9150 /* LaunchScreen.storyboard */,
				75A7B14428804133009FD8C2 /* ImageViewer */,
				75AC09A4287D4A3E00662465 /* Base */,
				75E90D3E287D0AFC005A9150 /* LoginRegister */,
				75E90D52287D0B92005A9150 /* Profile */,
				75E90D4D287D0B73005A9150 /* Chat */,
				75E90D48287D0B42005A9150 /* Users */,
				75E90D43287D0B1C005A9150 /* Recent */,
			);
			path = View;
			sourceTree = "<group>";
		};
		75E90D34287D07B1005A9150 /* ViewModel */ = {
			isa = PBXGroup;
			children = (
				75E90D36287D0AB0005A9150 /* LoginRegisterVM.swift */,
				75E90D38287D0AC0005A9150 /* RecentVM.swift */,
				75E90D3A287D0AD0005A9150 /* UsersVM.swift */,
				75E90D3C287D0ADE005A9150 /* ChatVM.swift */,
				75A7B15028806846009FD8C2 /* ProfileVM.swift */,
			);
			path = ViewModel;
			sourceTree = "<group>";
		};
		75E90D35287D07B9005A9150 /* Model */ = {
			isa = PBXGroup;
			children = (
				75E90D57287D0C1C005A9150 /* User.swift */,
				75AC099E287D2F9A00662465 /* Message.swift */,
			);
			path = Model;
			sourceTree = "<group>";
		};
		75E90D3E287D0AFC005A9150 /* LoginRegister */ = {
			isa = PBXGroup;
			children = (
				75E90D3F287D0B13005A9150 /* LoginRegisterView.swift */,
				75E90D40287D0B13005A9150 /* LoginRegisterView.xib */,
			);
			path = LoginRegister;
			sourceTree = "<group>";
		};
		75E90D43287D0B1C005A9150 /* Recent */ = {
			isa = PBXGroup;
			children = (
				75E90D44287D0B3D005A9150 /* RecentView.swift */,
				75E90D45287D0B3D005A9150 /* RecentView.xib */,
				75AC09AB287D5EA100662465 /* RecentViewCell */,
			);
			path = Recent;
			sourceTree = "<group>";
		};
		75E90D48287D0B42005A9150 /* Users */ = {
			isa = PBXGroup;
			children = (
				75E90D49287D0B63005A9150 /* UsersView.swift */,
				75E90D4A287D0B63005A9150 /* UsersView.xib */,
				75A7B14B28805466009FD8C2 /* UsersViewCells */,
			);
			path = Users;
			sourceTree = "<group>";
		};
		75E90D4D287D0B73005A9150 /* Chat */ = {
			isa = PBXGroup;
			children = (
				75E90D4E287D0B87005A9150 /* ChatView.swift */,
				75E90D4F287D0B87005A9150 /* ChatView.xib */,
				75A7B13B287FCB2E009FD8C2 /* ChatViewCells */,
			);
			path = Chat;
			sourceTree = "<group>";
		};
		75E90D52287D0B92005A9150 /* Profile */ = {
			isa = PBXGroup;
			children = (
				75E90D53287D0BB7005A9150 /* ProfileView.swift */,
				75E90D54287D0BB7005A9150 /* ProfileView.xib */,
			);
			path = Profile;
			sourceTree = "<group>";
		};
		75E90D59287D0C4E005A9150 /* Helper */ = {
			isa = PBXGroup;
			children = (
				75E90D5A287D0C65005A9150 /* Constants.swift */,
				75E90D5C287D0CEF005A9150 /* Helper.swift */,
			);
			path = Helper;
			sourceTree = "<group>";
		};
		75E90D5E287D0D68005A9150 /* Extensions */ = {
			isa = PBXGroup;
			children = (
				75E90D67287D166F005A9150 /* DateFormatter.swift */,
				75E90D5F287D0D7B005A9150 /* Date.swift */,
				75E90D61287D1221005A9150 /* UIImage.swift */,
				75E90D63287D13D9005A9150 /* FileManager.swift */,
				75E90D65287D15E5005A9150 /* URL.swift */,
				75AC09A0287D378E00662465 /* UIViewController.swift */,
				75AC09A2287D3A9F00662465 /* UIApplication.swift */,
				7585769C287EEAE00079A969 /* UITableViewCell.swift */,
				75A88CE3288188A7002F8D72 /* UIBarButtonItem.swift */,
			);
			path = Extensions;
			sourceTree = "<group>";
		};
		75E90D6A287D1CC1005A9150 /* FireBaseDB */ = {
			isa = PBXGroup;
			children = (
				75E90D6B287D1CDA005A9150 /* FireBaseDB.swift */,
			);
			path = FireBaseDB;
			sourceTree = "<group>";
		};
		7B5830EA6EA6F7390190E61B /* Pods */ = {
			isa = PBXGroup;
			children = (
				9796E21F61757B5960E1EC62 /* Pods-Chatter.debug.xcconfig */,
				3A531A5C9FA5EF6DBFEB87A7 /* Pods-Chatter.release.xcconfig */,
			);
			path = Pods;
			sourceTree = "<group>";
		};
/* End PBXGroup section */

/* Begin PBXNativeTarget section */
		75E90D09287BBEE9005A9150 /* Chatter */ = {
			isa = PBXNativeTarget;
			buildConfigurationList = 75E90D21287BBEEB005A9150 /* Build configuration list for PBXNativeTarget "Chatter" */;
			buildPhases = (
				FF93E9D57506EC3BC74C8E06 /* [CP] Check Pods Manifest.lock */,
				75E90D06287BBEE9005A9150 /* Sources */,
				75E90D07287BBEE9005A9150 /* Frameworks */,
				75E90D08287BBEE9005A9150 /* Resources */,
				A37E1AC86D003504BDE69401 /* [CP] Embed Pods Frameworks */,
			);
			buildRules = (
			);
			dependencies = (
			);
			name = Chatter;
			productName = Chatter;
			productReference = 75E90D0A287BBEE9005A9150 /* Chatter.app */;
			productType = "com.apple.product-type.application";
		};
/* End PBXNativeTarget section */

/* Begin PBXProject section */
		75E90D02287BBEE9005A9150 /* Project object */ = {
			isa = PBXProject;
			attributes = {
				BuildIndependentTargetsInParallel = 1;
				LastSwiftUpdateCheck = 1340;
				LastUpgradeCheck = 1340;
				TargetAttributes = {
					75E90D09287BBEE9005A9150 = {
						CreatedOnToolsVersion = 13.4.1;
					};
				};
			};
			buildConfigurationList = 75E90D05287BBEE9005A9150 /* Build configuration list for PBXProject "Chatter" */;
			compatibilityVersion = "Xcode 13.0";
			developmentRegion = en;
			hasScannedForEncodings = 0;
			knownRegions = (
				en,
				Base,
			);
			mainGroup = 75E90D01287BBEE9005A9150;
			productRefGroup = 75E90D0B287BBEE9005A9150 /* Products */;
			projectDirPath = "";
			projectRoot = "";
			targets = (
				75E90D09287BBEE9005A9150 /* Chatter */,
			);
		};
/* End PBXProject section */

/* Begin PBXResourcesBuildPhase section */
		75E90D08287BBEE9005A9150 /* Resources */ = {
			isa = PBXResourcesBuildPhase;
			buildActionMask = 2147483647;
			files = (
				75E90D42287D0B13005A9150 /* LoginRegisterView.xib in Resources */,
				75AC09AA287D575D00662465 /* GoogleService-Info.plist in Resources */,
				75A7B143287FE4EA009FD8C2 /* ImgMessageCell.xib in Resources */,
				75E90D1D287BBEEB005A9150 /* LaunchScreen.storyboard in Resources */,
				75A7B14828804169009FD8C2 /* ImageViewerView.xib in Resources */,
				75E90D56287D0BB7005A9150 /* ProfileView.xib in Resources */,
				75E90D51287D0B87005A9150 /* ChatView.xib in Resources */,
				75A7B13F287FCC05009FD8C2 /* MessageCell.xib in Resources */,
				75AC09AF287D5ECD00662465 /* RecentViewCell.xib in Resources */,
				75E90D1A287BBEEB005A9150 /* Assets.xcassets in Resources */,
				75E90D47287D0B3D005A9150 /* RecentView.xib in Resources */,
				75E90D4C287D0B63005A9150 /* UsersView.xib in Resources */,
				75A7B14F28805495009FD8C2 /* UserCell.xib in Resources */,
			);
			runOnlyForDeploymentPostprocessing = 0;
		};
/* End PBXResourcesBuildPhase section */

/* Begin PBXShellScriptBuildPhase section */
		A37E1AC86D003504BDE69401 /* [CP] Embed Pods Frameworks */ = {
			isa = PBXShellScriptBuildPhase;
			buildActionMask = 2147483647;
			files = (
			);
			inputFileListPaths = (
				"${PODS_ROOT}/Target Support Files/Pods-Chatter/Pods-Chatter-frameworks-${CONFIGURATION}-input-files.xcfilelist",
			);
			name = "[CP] Embed Pods Frameworks";
			outputFileListPaths = (
				"${PODS_ROOT}/Target Support Files/Pods-Chatter/Pods-Chatter-frameworks-${CONFIGURATION}-output-files.xcfilelist",
			);
			runOnlyForDeploymentPostprocessing = 0;
			shellPath = /bin/sh;
			shellScript = "\"${PODS_ROOT}/Target Support Files/Pods-Chatter/Pods-Chatter-frameworks.sh\"\n";
			showEnvVarsInLog = 0;
		};
		FF93E9D57506EC3BC74C8E06 /* [CP] Check Pods Manifest.lock */ = {
			isa = PBXShellScriptBuildPhase;
			buildActionMask = 2147483647;
			files = (
			);
			inputFileListPaths = (
			);
			inputPaths = (
				"${PODS_PODFILE_DIR_PATH}/Podfile.lock",
				"${PODS_ROOT}/Manifest.lock",
			);
			name = "[CP] Check Pods Manifest.lock";
			outputFileListPaths = (
			);
			outputPaths = (
				"$(DERIVED_FILE_DIR)/Pods-Chatter-checkManifestLockResult.txt",
			);
			runOnlyForDeploymentPostprocessing = 0;
			shellPath = /bin/sh;
			shellScript = "diff \"${PODS_PODFILE_DIR_PATH}/Podfile.lock\" \"${PODS_ROOT}/Manifest.lock\" > /dev/null\nif [ $? != 0 ] ; then\n    # print error to STDERR\n    echo \"error: The sandbox is not in sync with the Podfile.lock. Run 'pod install' or update your CocoaPods installation.\" >&2\n    exit 1\nfi\n# This output is used by Xcode 'outputs' to avoid re-running this script phase.\necho \"SUCCESS\" > \"${SCRIPT_OUTPUT_FILE_0}\"\n";
			showEnvVarsInLog = 0;
		};
/* End PBXShellScriptBuildPhase section */

/* Begin PBXSourcesBuildPhase section */
		75E90D06287BBEE9005A9150 /* Sources */ = {
			isa = PBXSourcesBuildPhase;
			buildActionMask = 2147483647;
			files = (
				75AC09A3287D3A9F00662465 /* UIApplication.swift in Sources */,
				75E90D60287D0D7B005A9150 /* Date.swift in Sources */,
				75E90D3D287D0ADE005A9150 /* ChatVM.swift in Sources */,
				75E90D0E287BBEE9005A9150 /* AppDelegate.swift in Sources */,
				75E90D10287BBEE9005A9150 /* SceneDelegate.swift in Sources */,
				75E90D37287D0AB0005A9150 /* LoginRegisterVM.swift in Sources */,
				75AC099F287D2F9A00662465 /* Message.swift in Sources */,
				75AC09A8287D4A6500662465 /* BaseNavBar.swift in Sources */,
				75E90D50287D0B87005A9150 /* ChatView.swift in Sources */,
				75AC09A6287D4A5300662465 /* BaseTabBar.swift in Sources */,
				75E90D5B287D0C65005A9150 /* Constants.swift in Sources */,
				75A88CE4288188A7002F8D72 /* UIBarButtonItem.swift in Sources */,
				75A7B14E28805495009FD8C2 /* UserCell.swift in Sources */,
				75E90D5D287D0CEF005A9150 /* Helper.swift in Sources */,
				75E90D46287D0B3D005A9150 /* RecentView.swift in Sources */,
				7585769D287EEAE00079A969 /* UITableViewCell.swift in Sources */,
				75A7B14728804169009FD8C2 /* ImageViewerView.swift in Sources */,
				75E90D58287D0C1C005A9150 /* User.swift in Sources */,
				75A7B13E287FCC05009FD8C2 /* MessageCell.swift in Sources */,
				75E90D3B287D0AD0005A9150 /* UsersVM.swift in Sources */,
				75E90D31287D0645005A9150 /* DataPersistantProtocol.swift in Sources */,
				75A7B15128806846009FD8C2 /* ProfileVM.swift in Sources */,
				75E90D39287D0AC0005A9150 /* RecentVM.swift in Sources */,
				75E90D64287D13D9005A9150 /* FileManager.swift in Sources */,
				75E90D68287D166F005A9150 /* DateFormatter.swift in Sources */,
				75E90D41287D0B13005A9150 /* LoginRegisterView.swift in Sources */,
				75E90D66287D15E5005A9150 /* URL.swift in Sources */,
				75AC09A1287D378E00662465 /* UIViewController.swift in Sources */,
				75E90D6C287D1CDA005A9150 /* FireBaseDB.swift in Sources */,
				75AC09AE287D5ECD00662465 /* RecentViewCell.swift in Sources */,
				75AC099D287D2E7E00662465 /* FireBaseStore.swift in Sources */,
				75E90D62287D1221005A9150 /* UIImage.swift in Sources */,
				75E90D55287D0BB7005A9150 /* ProfileView.swift in Sources */,
				75E90D4B287D0B63005A9150 /* UsersView.swift in Sources */,
				75A7B142287FE4EA009FD8C2 /* ImgMessageCell.swift in Sources */,
			);
			runOnlyForDeploymentPostprocessing = 0;
		};
/* End PBXSourcesBuildPhase section */

/* Begin PBXVariantGroup section */
		75E90D1B287BBEEB005A9150 /* LaunchScreen.storyboard */ = {
			isa = PBXVariantGroup;
			children = (
				75E90D1C287BBEEB005A9150 /* Base */,
			);
			name = LaunchScreen.storyboard;
			sourceTree = "<group>";
		};
/* End PBXVariantGroup section */

/* Begin XCBuildConfiguration section */
		75E90D1F287BBEEB005A9150 /* Debug */ = {
			isa = XCBuildConfiguration;
			buildSettings = {
				ALWAYS_SEARCH_USER_PATHS = NO;
				CLANG_ANALYZER_NONNULL = YES;
				CLANG_ANALYZER_NUMBER_OBJECT_CONVERSION = YES_AGGRESSIVE;
				CLANG_CXX_LANGUAGE_STANDARD = "gnu++17";
				CLANG_ENABLE_MODULES = YES;
				CLANG_ENABLE_OBJC_ARC = YES;
				CLANG_ENABLE_OBJC_WEAK = YES;
				CLANG_WARN_BLOCK_CAPTURE_AUTORELEASING = YES;
				CLANG_WARN_BOOL_CONVERSION = YES;
				CLANG_WARN_COMMA = YES;
				CLANG_WARN_CONSTANT_CONVERSION = YES;
				CLANG_WARN_DEPRECATED_OBJC_IMPLEMENTATIONS = YES;
				CLANG_WARN_DIRECT_OBJC_ISA_USAGE = YES_ERROR;
				CLANG_WARN_DOCUMENTATION_COMMENTS = YES;
				CLANG_WARN_EMPTY_BODY = YES;
				CLANG_WARN_ENUM_CONVERSION = YES;
				CLANG_WARN_INFINITE_RECURSION = YES;
				CLANG_WARN_INT_CONVERSION = YES;
				CLANG_WARN_NON_LITERAL_NULL_CONVERSION = YES;
				CLANG_WARN_OBJC_IMPLICIT_RETAIN_SELF = YES;
				CLANG_WARN_OBJC_LITERAL_CONVERSION = YES;
				CLANG_WARN_OBJC_ROOT_CLASS = YES_ERROR;
				CLANG_WARN_QUOTED_INCLUDE_IN_FRAMEWORK_HEADER = YES;
				CLANG_WARN_RANGE_LOOP_ANALYSIS = YES;
				CLANG_WARN_STRICT_PROTOTYPES = YES;
				CLANG_WARN_SUSPICIOUS_MOVE = YES;
				CLANG_WARN_UNGUARDED_AVAILABILITY = YES_AGGRESSIVE;
				CLANG_WARN_UNREACHABLE_CODE = YES;
				CLANG_WARN__DUPLICATE_METHOD_MATCH = YES;
				COPY_PHASE_STRIP = NO;
				DEBUG_INFORMATION_FORMAT = dwarf;
				ENABLE_STRICT_OBJC_MSGSEND = YES;
				ENABLE_TESTABILITY = YES;
				GCC_C_LANGUAGE_STANDARD = gnu11;
				GCC_DYNAMIC_NO_PIC = NO;
				GCC_NO_COMMON_BLOCKS = YES;
				GCC_OPTIMIZATION_LEVEL = 0;
				GCC_PREPROCESSOR_DEFINITIONS = (
					"DEBUG=1",
					"$(inherited)",
				);
				GCC_WARN_64_TO_32_BIT_CONVERSION = YES;
				GCC_WARN_ABOUT_RETURN_TYPE = YES_ERROR;
				GCC_WARN_UNDECLARED_SELECTOR = YES;
				GCC_WARN_UNINITIALIZED_AUTOS = YES_AGGRESSIVE;
				GCC_WARN_UNUSED_FUNCTION = YES;
				GCC_WARN_UNUSED_VARIABLE = YES;
				IPHONEOS_DEPLOYMENT_TARGET = 15.0;
				MTL_ENABLE_DEBUG_INFO = INCLUDE_SOURCE;
				MTL_FAST_MATH = YES;
				ONLY_ACTIVE_ARCH = YES;
				SDKROOT = iphoneos;
				SWIFT_ACTIVE_COMPILATION_CONDITIONS = DEBUG;
				SWIFT_OPTIMIZATION_LEVEL = "-Onone";
			};
			name = Debug;
		};
		75E90D20287BBEEB005A9150 /* Release */ = {
			isa = XCBuildConfiguration;
			buildSettings = {
				ALWAYS_SEARCH_USER_PATHS = NO;
				CLANG_ANALYZER_NONNULL = YES;
				CLANG_ANALYZER_NUMBER_OBJECT_CONVERSION = YES_AGGRESSIVE;
				CLANG_CXX_LANGUAGE_STANDARD = "gnu++17";
				CLANG_ENABLE_MODULES = YES;
				CLANG_ENABLE_OBJC_ARC = YES;
				CLANG_ENABLE_OBJC_WEAK = YES;
				CLANG_WARN_BLOCK_CAPTURE_AUTORELEASING = YES;
				CLANG_WARN_BOOL_CONVERSION = YES;
				CLANG_WARN_COMMA = YES;
				CLANG_WARN_CONSTANT_CONVERSION = YES;
				CLANG_WARN_DEPRECATED_OBJC_IMPLEMENTATIONS = YES;
				CLANG_WARN_DIRECT_OBJC_ISA_USAGE = YES_ERROR;
				CLANG_WARN_DOCUMENTATION_COMMENTS = YES;
				CLANG_WARN_EMPTY_BODY = YES;
				CLANG_WARN_ENUM_CONVERSION = YES;
				CLANG_WARN_INFINITE_RECURSION = YES;
				CLANG_WARN_INT_CONVERSION = YES;
				CLANG_WARN_NON_LITERAL_NULL_CONVERSION = YES;
				CLANG_WARN_OBJC_IMPLICIT_RETAIN_SELF = YES;
				CLANG_WARN_OBJC_LITERAL_CONVERSION = YES;
				CLANG_WARN_OBJC_ROOT_CLASS = YES_ERROR;
				CLANG_WARN_QUOTED_INCLUDE_IN_FRAMEWORK_HEADER = YES;
				CLANG_WARN_RANGE_LOOP_ANALYSIS = YES;
				CLANG_WARN_STRICT_PROTOTYPES = YES;
				CLANG_WARN_SUSPICIOUS_MOVE = YES;
				CLANG_WARN_UNGUARDED_AVAILABILITY = YES_AGGRESSIVE;
				CLANG_WARN_UNREACHABLE_CODE = YES;
				CLANG_WARN__DUPLICATE_METHOD_MATCH = YES;
				COPY_PHASE_STRIP = NO;
				DEBUG_INFORMATION_FORMAT = "dwarf-with-dsym";
				ENABLE_NS_ASSERTIONS = NO;
				ENABLE_STRICT_OBJC_MSGSEND = YES;
				GCC_C_LANGUAGE_STANDARD = gnu11;
				GCC_NO_COMMON_BLOCKS = YES;
				GCC_WARN_64_TO_32_BIT_CONVERSION = YES;
				GCC_WARN_ABOUT_RETURN_TYPE = YES_ERROR;
				GCC_WARN_UNDECLARED_SELECTOR = YES;
				GCC_WARN_UNINITIALIZED_AUTOS = YES_AGGRESSIVE;
				GCC_WARN_UNUSED_FUNCTION = YES;
				GCC_WARN_UNUSED_VARIABLE = YES;
				IPHONEOS_DEPLOYMENT_TARGET = 15.0;
				MTL_ENABLE_DEBUG_INFO = NO;
				MTL_FAST_MATH = YES;
				SDKROOT = iphoneos;
				SWIFT_COMPILATION_MODE = wholemodule;
				SWIFT_OPTIMIZATION_LEVEL = "-O";
				VALIDATE_PRODUCT = YES;
			};
			name = Release;
		};
		75E90D22287BBEEB005A9150 /* Debug */ = {
			isa = XCBuildConfiguration;
			baseConfigurationReference = 9796E21F61757B5960E1EC62 /* Pods-Chatter.debug.xcconfig */;
			buildSettings = {
				ASSETCATALOG_COMPILER_APPICON_NAME = AppIcon;
				ASSETCATALOG_COMPILER_GLOBAL_ACCENT_COLOR_NAME = AccentColor;
				CODE_SIGN_STYLE = Automatic;
				CURRENT_PROJECT_VERSION = 1;
				DEVELOPMENT_TEAM = 25S8CB9726;
				GENERATE_INFOPLIST_FILE = YES;
				INFOPLIST_FILE = Chatter/Info.plist;
				INFOPLIST_KEY_UIApplicationSupportsIndirectInputEvents = YES;
				INFOPLIST_KEY_UILaunchStoryboardName = LaunchScreen;
				INFOPLIST_KEY_UIMainStoryboardFile = "";
				INFOPLIST_KEY_UISupportedInterfaceOrientations_iPad = "UIInterfaceOrientationPortrait UIInterfaceOrientationPortraitUpsideDown UIInterfaceOrientationLandscapeLeft UIInterfaceOrientationLandscapeRight";
				INFOPLIST_KEY_UISupportedInterfaceOrientations_iPhone = "UIInterfaceOrientationPortrait UIInterfaceOrientationLandscapeLeft UIInterfaceOrientationLandscapeRight";
				LD_RUNPATH_SEARCH_PATHS = (
					"$(inherited)",
					"@executable_path/Frameworks",
				);
				MARKETING_VERSION = 1.0;
				PRODUCT_BUNDLE_IDENTIFIER = nader.said.tawah.Chatter;
				PRODUCT_NAME = "$(TARGET_NAME)";
				SWIFT_EMIT_LOC_STRINGS = YES;
				SWIFT_VERSION = 5.0;
				TARGETED_DEVICE_FAMILY = "1,2";
			};
			name = Debug;
		};
		75E90D23287BBEEB005A9150 /* Release */ = {
			isa = XCBuildConfiguration;
			baseConfigurationReference = 3A531A5C9FA5EF6DBFEB87A7 /* Pods-Chatter.release.xcconfig */;
			buildSettings = {
				ASSETCATALOG_COMPILER_APPICON_NAME = AppIcon;
				ASSETCATALOG_COMPILER_GLOBAL_ACCENT_COLOR_NAME = AccentColor;
				CODE_SIGN_STYLE = Automatic;
				CURRENT_PROJECT_VERSION = 1;
				DEVELOPMENT_TEAM = 25S8CB9726;
				GENERATE_INFOPLIST_FILE = YES;
				INFOPLIST_FILE = Chatter/Info.plist;
				INFOPLIST_KEY_UIApplicationSupportsIndirectInputEvents = YES;
				INFOPLIST_KEY_UILaunchStoryboardName = LaunchScreen;
				INFOPLIST_KEY_UIMainStoryboardFile = "";
				INFOPLIST_KEY_UISupportedInterfaceOrientations_iPad = "UIInterfaceOrientationPortrait UIInterfaceOrientationPortraitUpsideDown UIInterfaceOrientationLandscapeLeft UIInterfaceOrientationLandscapeRight";
				INFOPLIST_KEY_UISupportedInterfaceOrientations_iPhone = "UIInterfaceOrientationPortrait UIInterfaceOrientationLandscapeLeft UIInterfaceOrientationLandscapeRight";
				LD_RUNPATH_SEARCH_PATHS = (
					"$(inherited)",
					"@executable_path/Frameworks",
				);
				MARKETING_VERSION = 1.0;
				PRODUCT_BUNDLE_IDENTIFIER = nader.said.tawah.Chatter;
				PRODUCT_NAME = "$(TARGET_NAME)";
				SWIFT_EMIT_LOC_STRINGS = YES;
				SWIFT_VERSION = 5.0;
				TARGETED_DEVICE_FAMILY = "1,2";
			};
			name = Release;
		};
/* End XCBuildConfiguration section */

/* Begin XCConfigurationList section */
		75E90D05287BBEE9005A9150 /* Build configuration list for PBXProject "Chatter" */ = {
			isa = XCConfigurationList;
			buildConfigurations = (
				75E90D1F287BBEEB005A9150 /* Debug */,
				75E90D20287BBEEB005A9150 /* Release */,
			);
			defaultConfigurationIsVisible = 0;
			defaultConfigurationName = Release;
		};
		75E90D21287BBEEB005A9150 /* Build configuration list for PBXNativeTarget "Chatter" */ = {
			isa = XCConfigurationList;
			buildConfigurations = (
				75E90D22287BBEEB005A9150 /* Debug */,
				75E90D23287BBEEB005A9150 /* Release */,
			);
			defaultConfigurationIsVisible = 0;
			defaultConfigurationName = Release;
		};
/* End XCConfigurationList section */
	};
	rootObject = 75E90D02287BBEE9005A9150 /* Project object */;
}
